
Microsoft Visual Studio Solution File, Format Version 12.00
# Visual Studio Version 16
VisualStudioVersion = 16.0.31005.135
MinimumVisualStudioVersion = 10.0.40219.1
Project("{FAE04EC0-301F-11D3-BF4B-00C04F79EFBC}") = "sales-system-2", "sales-system-2\sales-system-2.csproj", "{59B311EC-18A3-4351-95CB-E8CB6692694F}"
EndProject
Global
	GlobalSection(SolutionConfigurationPlatforms) = preSolution
		Debug|Any CPU = Debug|Any CPU
		Release|Any CPU = Release|Any CPU
	EndGlobalSection
	GlobalSection(ProjectConfigurationPlatforms) = postSolution
		{59B311EC-18A3-4351-95CB-E8CB6692694F}.Debug|Any CPU.ActiveCfg = Debug|Any CPU
		{59B311EC-18A3-4351-95CB-E8CB6692694F}.Debug|Any CPU.Build.0 = Debug|Any CPU
		{59B311EC-18A3-4351-95CB-E8CB6692694F}.Release|Any CPU.ActiveCfg = Release|Any CPU
		{59B311EC-18A3-4351-95CB-E8CB6692694F}.Release|Any CPU.Build.0 = Release|Any CPU
	EndGlobalSection
	GlobalSection(SolutionProperties) = preSolution
		HideSolutionNode = FALSE
	EndGlobalSection
	GlobalSection(ExtensibilityGlobals) = postSolution
		SolutionGuid = {981B8014-3DB5-4D21-A22A-8FE3082E49CF}
	EndGlobalSection
EndGlobal
